
Microsoft Visual Studio Solution File, Format Version 12.00
# Visual Studio Version 17
VisualStudioVersion = 17.14.36811.4 d17.14
MinimumVisualStudioVersion = 10.0.40219.1
Project("{FAE04EC0-301F-11D3-BF4B-00C04F79EFBC}") = "Fizika", "Fizika\Fizika.csproj", "{87477160-FB7E-4F6F-AC49-1AF70F525108}"
EndProject
Project("{FAE04EC0-301F-11D3-BF4B-00C04F79EFBC}") = "UnitTest", "UnitTest\UnitTest.csproj", "{07F7F7A2-3550-4AA6-88E8-29CD3FCCCFAC}"
EndProject
Global
	GlobalSection(SolutionConfigurationPlatforms) = preSolution
		Debug|Any CPU = Debug|Any CPU
		Release|Any CPU = Release|Any CPU
	EndGlobalSection
	GlobalSection(ProjectConfigurationPlatforms) = postSolution
		{87477160-FB7E-4F6F-AC49-1AF70F525108}.Debug|Any CPU.ActiveCfg = Debug|Any CPU
		{87477160-FB7E-4F6F-AC49-1AF70F525108}.Debug|Any CPU.Build.0 = Debug|Any CPU
		{87477160-FB7E-4F6F-AC49-1AF70F525108}.Release|Any CPU.ActiveCfg = Release|Any CPU
		{87477160-FB7E-4F6F-AC49-1AF70F525108}.Release|Any CPU.Build.0 = Release|Any CPU
		{07F7F7A2-3550-4AA6-88E8-29CD3FCCCFAC}.Debug|Any CPU.ActiveCfg = Debug|Any CPU
		{07F7F7A2-3550-4AA6-88E8-29CD3FCCCFAC}.Debug|Any CPU.Build.0 = Debug|Any CPU
		{07F7F7A2-3550-4AA6-88E8-29CD3FCCCFAC}.Release|Any CPU.ActiveCfg = Release|Any CPU
		{07F7F7A2-3550-4AA6-88E8-29CD3FCCCFAC}.Release|Any CPU.Build.0 = Release|Any CPU
	EndGlobalSection
	GlobalSection(SolutionProperties) = preSolution
		HideSolutionNode = FALSE
	EndGlobalSection
	GlobalSection(ExtensibilityGlobals) = postSolution
		SolutionGuid = {7CC8B7CA-71D9-493E-8BA5-C8C26D7FE5B6}
	EndGlobalSection
EndGlobal
